// !$*UTF8*$!
{
	archiveVersion = 1;
	classes = {
	};
	objectVersion = 46;
	objects = {

/* Begin PBXBuildFile section */
		F784F48D1E01A1BB00B27894 /* LaunchScreen.storyboard in Resources */ = {isa = PBXBuildFile; fileRef = F784F4851E01A1BB00B27894 /* LaunchScreen.storyboard */; };
		F784F48E1E01A1BB00B27894 /* Main.storyboard in Resources */ = {isa = PBXBuildFile; fileRef = F784F4861E01A1BB00B27894 /* Main.storyboard */; };
		F784F48F1E01A1BB00B27894 /* MainViewController.swift in Sources */ = {isa = PBXBuildFile; fileRef = F784F4871E01A1BB00B27894 /* MainViewController.swift */; };
		F784F4901E01A1BB00B27894 /* AppDelegate.swift in Sources */ = {isa = PBXBuildFile; fileRef = F784F48A1E01A1BB00B27894 /* AppDelegate.swift */; };
		F784F4911E01A1BB00B27894 /* Assets.xcassets in Resources */ = {isa = PBXBuildFile; fileRef = F784F48B1E01A1BB00B27894 /* Assets.xcassets */; };
		F784F4921E01A1BB00B27894 /* Info.plist in Resources */ = {isa = PBXBuildFile; fileRef = F784F48C1E01A1BB00B27894 /* Info.plist */; };
		F784F4941E01A29E00B27894 /* Article.swift in Sources */ = {isa = PBXBuildFile; fileRef = F784F4931E01A29E00B27894 /* Article.swift */; };
		F784F4961E01AB0800B27894 /* ArticlePresenterProtocol.swift in Sources */ = {isa = PBXBuildFile; fileRef = F784F4951E01AB0800B27894 /* ArticlePresenterProtocol.swift */; };
		F784F4981E01ABD800B27894 /* ArticlePresenter.swift in Sources */ = {isa = PBXBuildFile; fileRef = F784F4971E01ABD800B27894 /* ArticlePresenter.swift */; };
		F784F49A1E01ACF900B27894 /* ModelProtocol.swift in Sources */ = {isa = PBXBuildFile; fileRef = F784F4991E01ACF900B27894 /* ModelProtocol.swift */; };
		F784F49C1E01AE1E00B27894 /* ArticleService.swift in Sources */ = {isa = PBXBuildFile; fileRef = F784F49B1E01AE1E00B27894 /* ArticleService.swift */; };
		F784F49E1E01B2C300B27894 /* SupportingFile.swift in Sources */ = {isa = PBXBuildFile; fileRef = F784F49D1E01B2C300B27894 /* SupportingFile.swift */; };
		F784F4A01E01C28800B27894 /* ArticleCell.swift in Sources */ = {isa = PBXBuildFile; fileRef = F784F49F1E01C28800B27894 /* ArticleCell.swift */; };
		FB0975941E03DF370058D270 /* AddArticleViewController.swift in Sources */ = {isa = PBXBuildFile; fileRef = FB0975931E03DF370058D270 /* AddArticleViewController.swift */; };
/* End PBXBuildFile section */

/* Begin PBXFileReference section */
		F784F4851E01A1BB00B27894 /* LaunchScreen.storyboard */ = {isa = PBXFileReference; fileEncoding = 4; lastKnownFileType = file.storyboard; path = LaunchScreen.storyboard; sourceTree = "<group>"; };
		F784F4861E01A1BB00B27894 /* Main.storyboard */ = {isa = PBXFileReference; fileEncoding = 4; lastKnownFileType = file.storyboard; path = Main.storyboard; sourceTree = "<group>"; };
		F784F4871E01A1BB00B27894 /* MainViewController.swift */ = {isa = PBXFileReference; fileEncoding = 4; lastKnownFileType = sourcecode.swift; path = MainViewController.swift; sourceTree = "<group>"; };
		F784F48A1E01A1BB00B27894 /* AppDelegate.swift */ = {isa = PBXFileReference; fileEncoding = 4; lastKnownFileType = sourcecode.swift; path = AppDelegate.swift; sourceTree = "<group>"; };
		F784F48B1E01A1BB00B27894 /* Assets.xcassets */ = {isa = PBXFileReference; lastKnownFileType = folder.assetcatalog; path = Assets.xcassets; sourceTree = "<group>"; };
		F784F48C1E01A1BB00B27894 /* Info.plist */ = {isa = PBXFileReference; fileEncoding = 4; lastKnownFileType = text.plist.xml; path = Info.plist; sourceTree = "<group>"; };
		F784F4931E01A29E00B27894 /* Article.swift */ = {isa = PBXFileReference; fileEncoding = 4; lastKnownFileType = sourcecode.swift; path = Article.swift; sourceTree = "<group>"; };
		F784F4951E01AB0800B27894 /* ArticlePresenterProtocol.swift */ = {isa = PBXFileReference; fileEncoding = 4; lastKnownFileType = sourcecode.swift; path = ArticlePresenterProtocol.swift; sourceTree = "<group>"; };
		F784F4971E01ABD800B27894 /* ArticlePresenter.swift */ = {isa = PBXFileReference; fileEncoding = 4; lastKnownFileType = sourcecode.swift; path = ArticlePresenter.swift; sourceTree = "<group>"; };
		F784F4991E01ACF900B27894 /* ModelProtocol.swift */ = {isa = PBXFileReference; fileEncoding = 4; lastKnownFileType = sourcecode.swift; path = ModelProtocol.swift; sourceTree = "<group>"; };
		F784F49B1E01AE1E00B27894 /* ArticleService.swift */ = {isa = PBXFileReference; fileEncoding = 4; lastKnownFileType = sourcecode.swift; path = ArticleService.swift; sourceTree = "<group>"; };
		F784F49D1E01B2C300B27894 /* SupportingFile.swift */ = {isa = PBXFileReference; fileEncoding = 4; lastKnownFileType = sourcecode.swift; path = SupportingFile.swift; sourceTree = "<group>"; };
		F784F49F1E01C28800B27894 /* ArticleCell.swift */ = {isa = PBXFileReference; fileEncoding = 4; lastKnownFileType = sourcecode.swift; path = ArticleCell.swift; sourceTree = "<group>"; };
		F7FD68841E01376B006CA1B4 /* HWMVPArticle.app */ = {isa = PBXFileReference; explicitFileType = wrapper.application; includeInIndex = 0; path = HWMVPArticle.app; sourceTree = BUILT_PRODUCTS_DIR; };
		FB0975931E03DF370058D270 /* AddArticleViewController.swift */ = {isa = PBXFileReference; fileEncoding = 4; lastKnownFileType = sourcecode.swift; path = AddArticleViewController.swift; sourceTree = "<group>"; };
/* End PBXFileReference section */

/* Begin PBXFrameworksBuildPhase section */
		F7FD68811E01376B006CA1B4 /* Frameworks */ = {
			isa = PBXFrameworksBuildPhase;
			buildActionMask = 2147483647;
			files = (
			);
			runOnlyForDeploymentPostprocessing = 0;
		};
/* End PBXFrameworksBuildPhase section */

/* Begin PBXGroup section */
		F784F47E1E01A1BB00B27894 /* classes */ = {
			isa = PBXGroup;
			children = (
				F784F47F1E01A1BB00B27894 /* data model */,
				F784F4801E01A1BB00B27894 /* module */,
			);
			path = classes;
			sourceTree = "<group>";
		};
		F784F47F1E01A1BB00B27894 /* data model */ = {
			isa = PBXGroup;
			children = (
				F784F4931E01A29E00B27894 /* Article.swift */,
				F784F4991E01ACF900B27894 /* ModelProtocol.swift */,
			);
			path = "data model";
			sourceTree = "<group>";
		};
		F784F4801E01A1BB00B27894 /* module */ = {
			isa = PBXGroup;
			children = (
				F784F4811E01A1BB00B27894 /* article */,
				F784F4881E01A1BB00B27894 /* uploadMultiple */,
			);
			path = module;
			sourceTree = "<group>";
		};
		F784F4811E01A1BB00B27894 /* article */ = {
			isa = PBXGroup;
			children = (
				F784F4821E01A1BB00B27894 /* model */,
				F784F4831E01A1BB00B27894 /* presenter */,
				F784F4841E01A1BB00B27894 /* view */,
			);
			path = article;
			sourceTree = "<group>";
		};
		F784F4821E01A1BB00B27894 /* model */ = {
			isa = PBXGroup;
			children = (
				F784F49B1E01AE1E00B27894 /* ArticleService.swift */,
			);
			path = model;
			sourceTree = "<group>";
		};
		F784F4831E01A1BB00B27894 /* presenter */ = {
			isa = PBXGroup;
			children = (
				F784F4951E01AB0800B27894 /* ArticlePresenterProtocol.swift */,
				F784F4971E01ABD800B27894 /* ArticlePresenter.swift */,
			);
			path = presenter;
			sourceTree = "<group>";
		};
		F784F4841E01A1BB00B27894 /* view */ = {
			isa = PBXGroup;
			children = (
				F784F4851E01A1BB00B27894 /* LaunchScreen.storyboard */,
				F784F4861E01A1BB00B27894 /* Main.storyboard */,
				F784F4871E01A1BB00B27894 /* MainViewController.swift */,
				F784F49F1E01C28800B27894 /* ArticleCell.swift */,
				FB0975931E03DF370058D270 /* AddArticleViewController.swift */,
			);
			path = view;
			sourceTree = "<group>";
		};
		F784F4881E01A1BB00B27894 /* uploadMultiple */ = {
			isa = PBXGroup;
			children = (
			);
			path = uploadMultiple;
			sourceTree = "<group>";
		};
		F784F4891E01A1BB00B27894 /* resources */ = {
			isa = PBXGroup;
			children = (
				F784F48A1E01A1BB00B27894 /* AppDelegate.swift */,
				F784F48B1E01A1BB00B27894 /* Assets.xcassets */,
				F784F48C1E01A1BB00B27894 /* Info.plist */,
				F784F49D1E01B2C300B27894 /* SupportingFile.swift */,
			);
			path = resources;
			sourceTree = "<group>";
		};
		F7FD687B1E01376B006CA1B4 = {
			isa = PBXGroup;
			children = (
				F7FD68861E01376B006CA1B4 /* HWMVPArticle */,
				F7FD68851E01376B006CA1B4 /* Products */,
			);
			sourceTree = "<group>";
		};
		F7FD68851E01376B006CA1B4 /* Products */ = {
			isa = PBXGroup;
			children = (
				F7FD68841E01376B006CA1B4 /* HWMVPArticle.app */,
			);
			name = Products;
			sourceTree = "<group>";
		};
		F7FD68861E01376B006CA1B4 /* HWMVPArticle */ = {
			isa = PBXGroup;
			children = (
				F784F47E1E01A1BB00B27894 /* classes */,
				F784F4891E01A1BB00B27894 /* resources */,
			);
			path = HWMVPArticle;
			sourceTree = "<group>";
		};
/* End PBXGroup section */

/* Begin PBXNativeTarget section */
		F7FD68831E01376B006CA1B4 /* HWMVPArticle */ = {
			isa = PBXNativeTarget;
			buildConfigurationList = F7FD68961E01376B006CA1B4 /* Build configuration list for PBXNativeTarget "HWMVPArticle" */;
			buildPhases = (
				F7FD68801E01376B006CA1B4 /* Sources */,
				F7FD68811E01376B006CA1B4 /* Frameworks */,
				F7FD68821E01376B006CA1B4 /* Resources */,
			);
			buildRules = (
			);
			dependencies = (
			);
			name = HWMVPArticle;
			productName = HWMVPArticle;
			productReference = F7FD68841E01376B006CA1B4 /* HWMVPArticle.app */;
			productType = "com.apple.product-type.application";
		};
/* End PBXNativeTarget section */

/* Begin PBXProject section */
		F7FD687C1E01376B006CA1B4 /* Project object */ = {
			isa = PBXProject;
			attributes = {
				LastSwiftUpdateCheck = 0810;
				LastUpgradeCheck = 0810;
				ORGANIZATIONNAME = "Vansa Pha";
				TargetAttributes = {
					F7FD68831E01376B006CA1B4 = {
						CreatedOnToolsVersion = 8.1;
						DevelopmentTeam = PG98TTFS9P;
						ProvisioningStyle = Automatic;
					};
				};
			};
			buildConfigurationList = F7FD687F1E01376B006CA1B4 /* Build configuration list for PBXProject "HWMVPArticle" */;
			compatibilityVersion = "Xcode 3.2";
			developmentRegion = English;
			hasScannedForEncodings = 0;
			knownRegions = (
				en,
				Base,
			);
			mainGroup = F7FD687B1E01376B006CA1B4;
			productRefGroup = F7FD68851E01376B006CA1B4 /* Products */;
			projectDirPath = "";
			projectRoot = "";
			targets = (
				F7FD68831E01376B006CA1B4 /* HWMVPArticle */,
			);
		};
/* End PBXProject section */

/* Begin PBXResourcesBuildPhase section */
		F7FD68821E01376B006CA1B4 /* Resources */ = {
			isa = PBXResourcesBuildPhase;
			buildActionMask = 2147483647;
			files = (
				F784F4921E01A1BB00B27894 /* Info.plist in Resources */,
				F784F48D1E01A1BB00B27894 /* LaunchScreen.storyboard in Resources */,
				F784F4911E01A1BB00B27894 /* Assets.xcassets in Resources */,
				F784F48E1E01A1BB00B27894 /* Main.storyboard in Resources */,
			);
			runOnlyForDeploymentPostprocessing = 0;
		};
/* End PBXResourcesBuildPhase section */

/* Begin PBXSourcesBuildPhase section */
		F7FD68801E01376B006CA1B4 /* Sources */ = {
			isa = PBXSourcesBuildPhase;
			buildActionMask = 2147483647;
			files = (
				F784F4901E01A1BB00B27894 /* AppDelegate.swift in Sources */,
				FB0975941E03DF370058D270 /* AddArticleViewController.swift in Sources */,
				F784F49A1E01ACF900B27894 /* ModelProtocol.swift in Sources */,
				F784F49E1E01B2C300B27894 /* SupportingFile.swift in Sources */,
				F784F48F1E01A1BB00B27894 /* MainViewController.swift in Sources */,
				F784F49C1E01AE1E00B27894 /* ArticleService.swift in Sources */,
				F784F4A01E01C28800B27894 /* ArticleCell.swift in Sources */,
				F784F4941E01A29E00B27894 /* Article.swift in Sources */,
				F784F4981E01ABD800B27894 /* ArticlePresenter.swift in Sources */,
				F784F4961E01AB0800B27894 /* ArticlePresenterProtocol.swift in Sources */,
			);
			runOnlyForDeploymentPostprocessing = 0;
		};
/* End PBXSourcesBuildPhase section */

/* Begin XCBuildConfiguration section */
		F7FD68941E01376B006CA1B4 /* Debug */ = {
			isa = XCBuildConfiguration;
			buildSettings = {
				ALWAYS_SEARCH_USER_PATHS = NO;
				CLANG_ANALYZER_NONNULL = YES;
				CLANG_CXX_LANGUAGE_STANDARD = "gnu++0x";
				CLANG_CXX_LIBRARY = "libc++";
				CLANG_ENABLE_MODULES = YES;
				CLANG_ENABLE_OBJC_ARC = YES;
				CLANG_WARN_BOOL_CONVERSION = YES;
				CLANG_WARN_CONSTANT_CONVERSION = YES;
				CLANG_WARN_DIRECT_OBJC_ISA_USAGE = YES_ERROR;
				CLANG_WARN_DOCUMENTATION_COMMENTS = YES;
				CLANG_WARN_EMPTY_BODY = YES;
				CLANG_WARN_ENUM_CONVERSION = YES;
				CLANG_WARN_INFINITE_RECURSION = YES;
				CLANG_WARN_INT_CONVERSION = YES;
				CLANG_WARN_OBJC_ROOT_CLASS = YES_ERROR;
				CLANG_WARN_SUSPICIOUS_MOVES = YES;
				CLANG_WARN_UNREACHABLE_CODE = YES;
				CLANG_WARN__DUPLICATE_METHOD_MATCH = YES;
				"CODE_SIGN_IDENTITY[sdk=iphoneos*]" = "iPhone Developer";
				COPY_PHASE_STRIP = NO;
				DEBUG_INFORMATION_FORMAT = dwarf;
				ENABLE_STRICT_OBJC_MSGSEND = YES;
				ENABLE_TESTABILITY = YES;
				GCC_C_LANGUAGE_STANDARD = gnu99;
				GCC_DYNAMIC_NO_PIC = NO;
				GCC_NO_COMMON_BLOCKS = YES;
				GCC_OPTIMIZATION_LEVEL = 0;
				GCC_PREPROCESSOR_DEFINITIONS = (
					"DEBUG=1",
					"$(inherited)",
				);
				GCC_WARN_64_TO_32_BIT_CONVERSION = YES;
				GCC_WARN_ABOUT_RETURN_TYPE = YES_ERROR;
				GCC_WARN_UNDECLARED_SELECTOR = YES;
				GCC_WARN_UNINITIALIZED_AUTOS = YES_AGGRESSIVE;
				GCC_WARN_UNUSED_FUNCTION = YES;
				GCC_WARN_UNUSED_VARIABLE = YES;
				IPHONEOS_DEPLOYMENT_TARGET = 10.1;
				MTL_ENABLE_DEBUG_INFO = YES;
				ONLY_ACTIVE_ARCH = YES;
				SDKROOT = iphoneos;
				SWIFT_ACTIVE_COMPILATION_CONDITIONS = DEBUG;
				SWIFT_OPTIMIZATION_LEVEL = "-Onone";
				TARGETED_DEVICE_FAMILY = "1,2";
			};
			name = Debug;
		};
		F7FD68951E01376B006CA1B4 /* Release */ = {
			isa = XCBuildConfiguration;
			buildSettings = {
				ALWAYS_SEARCH_USER_PATHS = NO;
				CLANG_ANALYZER_NONNULL = YES;
				CLANG_CXX_LANGUAGE_STANDARD = "gnu++0x";
				CLANG_CXX_LIBRARY = "libc++";
				CLANG_ENABLE_MODULES = YES;
				CLANG_ENABLE_OBJC_ARC = YES;
				CLANG_WARN_BOOL_CONVERSION = YES;
				CLANG_WARN_CONSTANT_CONVERSION = YES;
				CLANG_WARN_DIRECT_OBJC_ISA_USAGE = YES_ERROR;
				CLANG_WARN_DOCUMENTATION_COMMENTS = YES;
				CLANG_WARN_EMPTY_BODY = YES;
				CLANG_WARN_ENUM_CONVERSION = YES;
				CLANG_WARN_INFINITE_RECURSION = YES;
				CLANG_WARN_INT_CONVERSION = YES;
				CLANG_WARN_OBJC_ROOT_CLASS = YES_ERROR;
				CLANG_WARN_SUSPICIOUS_MOVES = YES;
				CLANG_WARN_UNREACHABLE_CODE = YES;
				CLANG_WARN__DUPLICATE_METHOD_MATCH = YES;
				"CODE_SIGN_IDENTITY[sdk=iphoneos*]" = "iPhone Developer";
				COPY_PHASE_STRIP = NO;
				DEBUG_INFORMATION_FORMAT = "dwarf-with-dsym";
				ENABLE_NS_ASSERTIONS = NO;
				ENABLE_STRICT_OBJC_MSGSEND = YES;
				GCC_C_LANGUAGE_STANDARD = gnu99;
				GCC_NO_COMMON_BLOCKS = YES;
				GCC_WARN_64_TO_32_BIT_CONVERSION = YES;
				GCC_WARN_ABOUT_RETURN_TYPE = YES_ERROR;
				GCC_WARN_UNDECLARED_SELECTOR = YES;
				GCC_WARN_UNINITIALIZED_AUTOS = YES_AGGRESSIVE;
				GCC_WARN_UNUSED_FUNCTION = YES;
				GCC_WARN_UNUSED_VARIABLE = YES;
				IPHONEOS_DEPLOYMENT_TARGET = 10.1;
				MTL_ENABLE_DEBUG_INFO = NO;
				SDKROOT = iphoneos;
				SWIFT_OPTIMIZATION_LEVEL = "-Owholemodule";
				TARGETED_DEVICE_FAMILY = "1,2";
				VALIDATE_PRODUCT = YES;
			};
			name = Release;
		};
		F7FD68971E01376B006CA1B4 /* Debug */ = {
			isa = XCBuildConfiguration;
			buildSettings = {
				ASSETCATALOG_COMPILER_APPICON_NAME = AppIcon;
				DEVELOPMENT_TEAM = PG98TTFS9P;
				INFOPLIST_FILE = "$(SRCROOT)/HWMVPArticle/resources/Info.plist";
				LD_RUNPATH_SEARCH_PATHS = "$(inherited) @executable_path/Frameworks";
				PRODUCT_BUNDLE_IDENTIFIER = com.kshrd.HWMVPArticle;
				PRODUCT_NAME = "$(TARGET_NAME)";
				SWIFT_VERSION = 3.0;
			};
			name = Debug;
		};
		F7FD68981E01376B006CA1B4 /* Release */ = {
			isa = XCBuildConfiguration;
			buildSettings = {
				ASSETCATALOG_COMPILER_APPICON_NAME = AppIcon;
				DEVELOPMENT_TEAM = PG98TTFS9P;
				INFOPLIST_FILE = "$(SRCROOT)/HWMVPArticle/resources/Info.plist";
				LD_RUNPATH_SEARCH_PATHS = "$(inherited) @executable_path/Frameworks";
				PRODUCT_BUNDLE_IDENTIFIER = com.kshrd.HWMVPArticle;
				PRODUCT_NAME = "$(TARGET_NAME)";
				SWIFT_VERSION = 3.0;
			};
			name = Release;
		};
/* End XCBuildConfiguration section */

/* Begin XCConfigurationList section */
		F7FD687F1E01376B006CA1B4 /* Build configuration list for PBXProject "HWMVPArticle" */ = {
			isa = XCConfigurationList;
			buildConfigurations = (
				F7FD68941E01376B006CA1B4 /* Debug */,
				F7FD68951E01376B006CA1B4 /* Release */,
			);
			defaultConfigurationIsVisible = 0;
			defaultConfigurationName = Release;
		};
		F7FD68961E01376B006CA1B4 /* Build configuration list for PBXNativeTarget "HWMVPArticle" */ = {
			isa = XCConfigurationList;
			buildConfigurations = (
				F7FD68971E01376B006CA1B4 /* Debug */,
				F7FD68981E01376B006CA1B4 /* Release */,
			);
			defaultConfigurationIsVisible = 0;
			defaultConfigurationName = Release;
		};
/* End XCConfigurationList section */
	};
	rootObject = F7FD687C1E01376B006CA1B4 /* Project object */;
}
